
Microsoft Visual Studio Solution File, Format Version 12.00
# Visual Studio Version 17
VisualStudioVersion = 17.14.36301.6 d17.14
MinimumVisualStudioVersion = 10.0.40219.1
Project("{FAE04EC0-301F-11D3-BF4B-00C04F79EFBC}") = "DeliveryTrackingApp", "DeliveryTrackingApp.csproj", "{16098320-F59F-4225-8D46-FEFA02D24584}"
EndProject
Global
	GlobalSection(SolutionConfigurationPlatforms) = preSolution
		Debug|Any CPU = Debug|Any CPU
		Release|Any CPU = Release|Any CPU
	EndGlobalSection
	GlobalSection(ProjectConfigurationPlatforms) = postSolution
		{16098320-F59F-4225-8D46-FEFA02D24584}.Debug|Any CPU.ActiveCfg = Debug|Any CPU
		{16098320-F59F-4225-8D46-FEFA02D24584}.Debug|Any CPU.Build.0 = Debug|Any CPU
		{16098320-F59F-4225-8D46-FEFA02D24584}.Release|Any CPU.ActiveCfg = Release|Any CPU
		{16098320-F59F-4225-8D46-FEFA02D24584}.Release|Any CPU.Build.0 = Release|Any CPU
	EndGlobalSection
	GlobalSection(SolutionProperties) = preSolution
		HideSolutionNode = FALSE
	EndGlobalSection
	GlobalSection(ExtensibilityGlobals) = postSolution
		SolutionGuid = {BC21FC1F-AD1B-4D7C-9D9C-5F7759530D8A}
	EndGlobalSection
EndGlobal
